
Microsoft Visual Studio Solution File, Format Version 12.00
# Visual Studio Version 16
VisualStudioVersion = 16.0.29926.136
MinimumVisualStudioVersion = 10.0.40219.1
Project("{FAE04EC0-301F-11D3-BF4B-00C04F79EFBC}") = "agenzia2", "agenzia2\agenzia2.csproj", "{A3E5B905-5046-4E05-957D-240D3B4ECBDC}"
EndProject
Project("{9A19103F-16F7-4668-BE54-9A1E7A4F7556}") = "agenzia2.Core", "agenzia2.Core\agenzia2.Core.csproj", "{A983803E-A9FC-46C4-99CD-D5AE28FFF1EF}"
EndProject
Global
	GlobalSection(SolutionConfigurationPlatforms) = preSolution
		Debug|Any CPU = Debug|Any CPU
		Debug|ARM = Debug|ARM
		Debug|ARM64 = Debug|ARM64
		Debug|x64 = Debug|x64
		Debug|x86 = Debug|x86
		Release|Any CPU = Release|Any CPU
		Release|ARM = Release|ARM
		Release|ARM64 = Release|ARM64
		Release|x64 = Release|x64
		Release|x86 = Release|x86
	EndGlobalSection
	GlobalSection(ProjectConfigurationPlatforms) = postSolution
		{A3E5B905-5046-4E05-957D-240D3B4ECBDC}.Debug|Any CPU.ActiveCfg = Debug|x86
		{A3E5B905-5046-4E05-957D-240D3B4ECBDC}.Debug|ARM.ActiveCfg = Debug|ARM
		{A3E5B905-5046-4E05-957D-240D3B4ECBDC}.Debug|ARM.Build.0 = Debug|ARM
		{A3E5B905-5046-4E05-957D-240D3B4ECBDC}.Debug|ARM.Deploy.0 = Debug|ARM
		{A3E5B905-5046-4E05-957D-240D3B4ECBDC}.Debug|ARM64.ActiveCfg = Debug|ARM64
		{A3E5B905-5046-4E05-957D-240D3B4ECBDC}.Debug|ARM64.Build.0 = Debug|ARM64
		{A3E5B905-5046-4E05-957D-240D3B4ECBDC}.Debug|ARM64.Deploy.0 = Debug|ARM64
		{A3E5B905-5046-4E05-957D-240D3B4ECBDC}.Debug|x64.ActiveCfg = Debug|x64
		{A3E5B905-5046-4E05-957D-240D3B4ECBDC}.Debug|x64.Build.0 = Debug|x64
		{A3E5B905-5046-4E05-957D-240D3B4ECBDC}.Debug|x64.Deploy.0 = Debug|x64
		{A3E5B905-5046-4E05-957D-240D3B4ECBDC}.Debug|x86.ActiveCfg = Debug|x86
		{A3E5B905-5046-4E05-957D-240D3B4ECBDC}.Debug|x86.Build.0 = Debug|x86
		{A3E5B905-5046-4E05-957D-240D3B4ECBDC}.Debug|x86.Deploy.0 = Debug|x86
		{A3E5B905-5046-4E05-957D-240D3B4ECBDC}.Release|Any CPU.ActiveCfg = Release|x86
		{A3E5B905-5046-4E05-957D-240D3B4ECBDC}.Release|ARM.ActiveCfg = Release|ARM
		{A3E5B905-5046-4E05-957D-240D3B4ECBDC}.Release|ARM.Build.0 = Release|ARM
		{A3E5B905-5046-4E05-957D-240D3B4ECBDC}.Release|ARM.Deploy.0 = Release|ARM
		{A3E5B905-5046-4E05-957D-240D3B4ECBDC}.Release|ARM64.ActiveCfg = Release|ARM64
		{A3E5B905-5046-4E05-957D-240D3B4ECBDC}.Release|ARM64.Build.0 = Release|ARM64
		{A3E5B905-5046-4E05-957D-240D3B4ECBDC}.Release|ARM64.Deploy.0 = Release|ARM64
		{A3E5B905-5046-4E05-957D-240D3B4ECBDC}.Release|x64.ActiveCfg = Release|x64
		{A3E5B905-5046-4E05-957D-240D3B4ECBDC}.Release|x64.Build.0 = Release|x64
		{A3E5B905-5046-4E05-957D-240D3B4ECBDC}.Release|x64.Deploy.0 = Release|x64
		{A3E5B905-5046-4E05-957D-240D3B4ECBDC}.Release|x86.ActiveCfg = Release|x86
		{A3E5B905-5046-4E05-957D-240D3B4ECBDC}.Release|x86.Build.0 = Release|x86
		{A3E5B905-5046-4E05-957D-240D3B4ECBDC}.Release|x86.Deploy.0 = Release|x86
		{A983803E-A9FC-46C4-99CD-D5AE28FFF1EF}.Debug|Any CPU.ActiveCfg = Debug|Any CPU
		{A983803E-A9FC-46C4-99CD-D5AE28FFF1EF}.Debug|Any CPU.Build.0 = Debug|Any CPU
		{A983803E-A9FC-46C4-99CD-D5AE28FFF1EF}.Debug|ARM.ActiveCfg = Debug|Any CPU
		{A983803E-A9FC-46C4-99CD-D5AE28FFF1EF}.Debug|ARM.Build.0 = Debug|Any CPU
		{A983803E-A9FC-46C4-99CD-D5AE28FFF1EF}.Debug|ARM64.ActiveCfg = Debug|Any CPU
		{A983803E-A9FC-46C4-99CD-D5AE28FFF1EF}.Debug|ARM64.Build.0 = Debug|Any CPU
		{A983803E-A9FC-46C4-99CD-D5AE28FFF1EF}.Debug|x64.ActiveCfg = Debug|Any CPU
		{A983803E-A9FC-46C4-99CD-D5AE28FFF1EF}.Debug|x64.Build.0 = Debug|Any CPU
		{A983803E-A9FC-46C4-99CD-D5AE28FFF1EF}.Debug|x86.ActiveCfg = Debug|Any CPU
		{A983803E-A9FC-46C4-99CD-D5AE28FFF1EF}.Debug|x86.Build.0 = Debug|Any CPU
		{A983803E-A9FC-46C4-99CD-D5AE28FFF1EF}.Release|Any CPU.ActiveCfg = Release|Any CPU
		{A983803E-A9FC-46C4-99CD-D5AE28FFF1EF}.Release|Any CPU.Build.0 = Release|Any CPU
		{A983803E-A9FC-46C4-99CD-D5AE28FFF1EF}.Release|ARM.ActiveCfg = Release|Any CPU
		{A983803E-A9FC-46C4-99CD-D5AE28FFF1EF}.Release|ARM.Build.0 = Release|Any CPU
		{A983803E-A9FC-46C4-99CD-D5AE28FFF1EF}.Release|ARM64.ActiveCfg = Release|Any CPU
		{A983803E-A9FC-46C4-99CD-D5AE28FFF1EF}.Release|ARM64.Build.0 = Release|Any CPU
		{A983803E-A9FC-46C4-99CD-D5AE28FFF1EF}.Release|x64.ActiveCfg = Release|Any CPU
		{A983803E-A9FC-46C4-99CD-D5AE28FFF1EF}.Release|x64.Build.0 = Release|Any CPU
		{A983803E-A9FC-46C4-99CD-D5AE28FFF1EF}.Release|x86.ActiveCfg = Release|Any CPU
		{A983803E-A9FC-46C4-99CD-D5AE28FFF1EF}.Release|x86.Build.0 = Release|Any CPU
	EndGlobalSection
	GlobalSection(SolutionProperties) = preSolution
		HideSolutionNode = FALSE
	EndGlobalSection
	GlobalSection(ExtensibilityGlobals) = postSolution
		SolutionGuid = {28C7BABE-A744-49E7-9164-016C29587C40}
	EndGlobalSection
EndGlobal
